
Microsoft Visual Studio Solution File, Format Version 12.00
Project("{FAE04EC0-301F-11D3-BF4B-00C04F79EFBC}") = "ConsoleEventLearning", "ConsoleEventLearning\ConsoleEventLearning.csproj", "{ECE67C66-3E29-4491-916E-286ECB7EC2E4}"
EndProject
Global
	GlobalSection(SolutionConfigurationPlatforms) = preSolution
		Debug|Any CPU = Debug|Any CPU
		Release|Any CPU = Release|Any CPU
	EndGlobalSection
	GlobalSection(ProjectConfigurationPlatforms) = postSolution
		{ECE67C66-3E29-4491-916E-286ECB7EC2E4}.Debug|Any CPU.ActiveCfg = Debug|Any CPU
		{ECE67C66-3E29-4491-916E-286ECB7EC2E4}.Debug|Any CPU.Build.0 = Debug|Any CPU
		{ECE67C66-3E29-4491-916E-286ECB7EC2E4}.Release|Any CPU.ActiveCfg = Release|Any CPU
		{ECE67C66-3E29-4491-916E-286ECB7EC2E4}.Release|Any CPU.Build.0 = Release|Any CPU
	EndGlobalSection
EndGlobal
